
Microsoft Visual Studio Solution File, Format Version 12.00
# Visual Studio Version 17
VisualStudioVersion = 17.2.32630.192
MinimumVisualStudioVersion = 10.0.40219.1
Project("{FAE04EC0-301F-11D3-BF4B-00C04F79EFBC}") = "CS_OnlyWinFormTranslucent", "CS_OnlyWinFormTranslucent\CS_OnlyWinFormTranslucent.csproj", "{CC4FCBC7-E5EB-4B5B-AB1A-2961BC9FC662}"
EndProject
Global
	GlobalSection(SolutionConfigurationPlatforms) = preSolution
		Debug|Any CPU = Debug|Any CPU
		Release|Any CPU = Release|Any CPU
	EndGlobalSection
	GlobalSection(ProjectConfigurationPlatforms) = postSolution
		{CC4FCBC7-E5EB-4B5B-AB1A-2961BC9FC662}.Debug|Any CPU.ActiveCfg = Debug|Any CPU
		{CC4FCBC7-E5EB-4B5B-AB1A-2961BC9FC662}.Debug|Any CPU.Build.0 = Debug|Any CPU
		{CC4FCBC7-E5EB-4B5B-AB1A-2961BC9FC662}.Release|Any CPU.ActiveCfg = Release|Any CPU
		{CC4FCBC7-E5EB-4B5B-AB1A-2961BC9FC662}.Release|Any CPU.Build.0 = Release|Any CPU
	EndGlobalSection
	GlobalSection(SolutionProperties) = preSolution
		HideSolutionNode = FALSE
	EndGlobalSection
	GlobalSection(ExtensibilityGlobals) = postSolution
		SolutionGuid = {64C71BE6-2B71-493E-B271-464B2C85F12D}
	EndGlobalSection
EndGlobal
